
Microsoft Visual Studio Solution File, Format Version 12.00
# Visual Studio 15
VisualStudioVersion = 15.0.27130.2010
MinimumVisualStudioVersion = 10.0.40219.1
Project("{FAE04EC0-301F-11D3-BF4B-00C04F79EFBC}") = "ConsoleAppMaster", "ConsoleAppMaster\ConsoleAppMaster.csproj", "{1883B083-B999-4821-ACEA-F263C1A49ACA}"
EndProject
Global
	GlobalSection(SolutionConfigurationPlatforms) = preSolution
		Debug|Any CPU = Debug|Any CPU
		Release|Any CPU = Release|Any CPU
	EndGlobalSection
	GlobalSection(ProjectConfigurationPlatforms) = postSolution
		{1883B083-B999-4821-ACEA-F263C1A49ACA}.Debug|Any CPU.ActiveCfg = Debug|Any CPU
		{1883B083-B999-4821-ACEA-F263C1A49ACA}.Debug|Any CPU.Build.0 = Debug|Any CPU
		{1883B083-B999-4821-ACEA-F263C1A49ACA}.Release|Any CPU.ActiveCfg = Release|Any CPU
		{1883B083-B999-4821-ACEA-F263C1A49ACA}.Release|Any CPU.Build.0 = Release|Any CPU
	EndGlobalSection
	GlobalSection(SolutionProperties) = preSolution
		HideSolutionNode = FALSE
	EndGlobalSection
	GlobalSection(ExtensibilityGlobals) = postSolution
		SolutionGuid = {345A343B-D86E-4790-9467-9DE83C1D3FED}
	EndGlobalSection
EndGlobal
